
Microsoft Visual Studio Solution File, Format Version 12.00
# Visual Studio Version 16
VisualStudioVersion = 16.0.31112.23
MinimumVisualStudioVersion = 10.0.40219.1
Project("{FAE04EC0-301F-11D3-BF4B-00C04F79EFBC}") = "01-Hamburgerci", "01-Hamburgerci\01-Hamburgerci.csproj", "{1A77343F-7F68-4D39-ABBC-FF967DF996A3}"
EndProject
Global
	GlobalSection(SolutionConfigurationPlatforms) = preSolution
		Debug|Any CPU = Debug|Any CPU
		Release|Any CPU = Release|Any CPU
	EndGlobalSection
	GlobalSection(ProjectConfigurationPlatforms) = postSolution
		{1A77343F-7F68-4D39-ABBC-FF967DF996A3}.Debug|Any CPU.ActiveCfg = Debug|Any CPU
		{1A77343F-7F68-4D39-ABBC-FF967DF996A3}.Debug|Any CPU.Build.0 = Debug|Any CPU
		{1A77343F-7F68-4D39-ABBC-FF967DF996A3}.Release|Any CPU.ActiveCfg = Release|Any CPU
		{1A77343F-7F68-4D39-ABBC-FF967DF996A3}.Release|Any CPU.Build.0 = Release|Any CPU
	EndGlobalSection
	GlobalSection(SolutionProperties) = preSolution
		HideSolutionNode = FALSE
	EndGlobalSection
	GlobalSection(ExtensibilityGlobals) = postSolution
		SolutionGuid = {285DCCF0-DE3B-4E44-B0BF-FA6266354907}
	EndGlobalSection
EndGlobal
